
Microsoft Visual Studio Solution File, Format Version 12.00
# Visual Studio Version 17
VisualStudioVersion = 17.0.32112.339
MinimumVisualStudioVersion = 10.0.40219.1
Project("{FAE04EC0-301F-11D3-BF4B-00C04F79EFBC}") = "WpfCef", "WpfCef.csproj", "{2F094EE8-1357-4229-9204-CD9BB45C543C}"
EndProject
Global
	GlobalSection(SolutionConfigurationPlatforms) = preSolution
		Debug|Any CPU = Debug|Any CPU
		Debug|x64 = Debug|x64
		Release|Any CPU = Release|Any CPU
		Release|x64 = Release|x64
	EndGlobalSection
	GlobalSection(ProjectConfigurationPlatforms) = postSolution
		{2F094EE8-1357-4229-9204-CD9BB45C543C}.Debug|Any CPU.ActiveCfg = Debug|Any CPU
		{2F094EE8-1357-4229-9204-CD9BB45C543C}.Debug|Any CPU.Build.0 = Debug|Any CPU
		{2F094EE8-1357-4229-9204-CD9BB45C543C}.Debug|x64.ActiveCfg = Debug|x64
		{2F094EE8-1357-4229-9204-CD9BB45C543C}.Debug|x64.Build.0 = Debug|x64
		{2F094EE8-1357-4229-9204-CD9BB45C543C}.Release|Any CPU.ActiveCfg = Release|Any CPU
		{2F094EE8-1357-4229-9204-CD9BB45C543C}.Release|Any CPU.Build.0 = Release|Any CPU
		{2F094EE8-1357-4229-9204-CD9BB45C543C}.Release|x64.ActiveCfg = Release|x64
		{2F094EE8-1357-4229-9204-CD9BB45C543C}.Release|x64.Build.0 = Release|x64
	EndGlobalSection
	GlobalSection(SolutionProperties) = preSolution
		HideSolutionNode = FALSE
	EndGlobalSection
	GlobalSection(ExtensibilityGlobals) = postSolution
		SolutionGuid = {6A1BE524-67C7-44C3-A8DE-2B835D2700AF}
	EndGlobalSection
EndGlobal
